
Microsoft Visual Studio Solution File, Format Version 12.00
# Visual Studio Version 17
VisualStudioVersion = 17.8.34112.27
MinimumVisualStudioVersion = 10.0.40219.1
Project("{2150E333-8FDC-42A3-9474-1A3956D46DE8}") = "src", "src", "{1B5843AA-5402-4E11-AC0E-DE21B44C9735}"
EndProject
Project("{2150E333-8FDC-42A3-9474-1A3956D46DE8}") = "test", "test", "{FA6E7F79-09BF-4F92-A910-905C182C50EC}"
EndProject
Project("{2150E333-8FDC-42A3-9474-1A3956D46DE8}") = "API", "API", "{49990984-ABF0-4CD7-B123-CB7C99FDF424}"
EndProject
Project("{2150E333-8FDC-42A3-9474-1A3956D46DE8}") = "Core", "Core", "{76290017-EB8F-4940-A19C-2F3D80691389}"
EndProject
Project("{2150E333-8FDC-42A3-9474-1A3956D46DE8}") = "Infrastructure", "Infrastructure", "{A24C29F6-6350-4F84-A06D-B681B253209E}"
EndProject
Project("{2150E333-8FDC-42A3-9474-1A3956D46DE8}") = "UI", "UI", "{4FD231F5-F50B-4901-B36C-828C843AE7A3}"
EndProject
Project("{9A19103F-16F7-4668-BE54-9A1E7A4F7556}") = "HR.Management.Domain", "src\Core\HR.Management.Domain\HR.Management.Domain.csproj", "{D49AED50-1864-4B41-8F48-B151AD94006A}"
EndProject
Project("{9A19103F-16F7-4668-BE54-9A1E7A4F7556}") = "HR.Management.Application", "src\Core\HR.Management.Application\HR.Management.Application.csproj", "{423DAA9C-9D13-4152-9BDA-530D08CD76E6}"
EndProject
Project("{9A19103F-16F7-4668-BE54-9A1E7A4F7556}") = "HR.Management.Persistence", "src\Infrastructure\HR.Management.Persistence\HR.Management.Persistence.csproj", "{69311854-E61C-471A-A704-AA339F8FB830}"
EndProject
Project("{FAE04EC0-301F-11D3-BF4B-00C04F79EFBC}") = "HR.Management.Infrastructure", "src\Infrastructure\HR.Management.Infrastructure\HR.Management.Infrastructure.csproj", "{35EE7043-0FF1-490F-8F11-E302B472E357}"
EndProject
Project("{FAE04EC0-301F-11D3-BF4B-00C04F79EFBC}") = "HR.Management.API", "src\API\HR.Management.API\HR.Management.API.csproj", "{051F1E99-51E4-4954-BD15-730EFA84E684}"
EndProject
Global
	GlobalSection(SolutionConfigurationPlatforms) = preSolution
		Debug|Any CPU = Debug|Any CPU
		Release|Any CPU = Release|Any CPU
	EndGlobalSection
	GlobalSection(ProjectConfigurationPlatforms) = postSolution
		{D49AED50-1864-4B41-8F48-B151AD94006A}.Debug|Any CPU.ActiveCfg = Debug|Any CPU
		{D49AED50-1864-4B41-8F48-B151AD94006A}.Debug|Any CPU.Build.0 = Debug|Any CPU
		{D49AED50-1864-4B41-8F48-B151AD94006A}.Release|Any CPU.ActiveCfg = Release|Any CPU
		{D49AED50-1864-4B41-8F48-B151AD94006A}.Release|Any CPU.Build.0 = Release|Any CPU
		{423DAA9C-9D13-4152-9BDA-530D08CD76E6}.Debug|Any CPU.ActiveCfg = Debug|Any CPU
		{423DAA9C-9D13-4152-9BDA-530D08CD76E6}.Debug|Any CPU.Build.0 = Debug|Any CPU
		{423DAA9C-9D13-4152-9BDA-530D08CD76E6}.Release|Any CPU.ActiveCfg = Release|Any CPU
		{423DAA9C-9D13-4152-9BDA-530D08CD76E6}.Release|Any CPU.Build.0 = Release|Any CPU
		{69311854-E61C-471A-A704-AA339F8FB830}.Debug|Any CPU.ActiveCfg = Debug|Any CPU
		{69311854-E61C-471A-A704-AA339F8FB830}.Debug|Any CPU.Build.0 = Debug|Any CPU
		{69311854-E61C-471A-A704-AA339F8FB830}.Release|Any CPU.ActiveCfg = Release|Any CPU
		{69311854-E61C-471A-A704-AA339F8FB830}.Release|Any CPU.Build.0 = Release|Any CPU
		{35EE7043-0FF1-490F-8F11-E302B472E357}.Debug|Any CPU.ActiveCfg = Debug|Any CPU
		{35EE7043-0FF1-490F-8F11-E302B472E357}.Debug|Any CPU.Build.0 = Debug|Any CPU
		{35EE7043-0FF1-490F-8F11-E302B472E357}.Release|Any CPU.ActiveCfg = Release|Any CPU
		{35EE7043-0FF1-490F-8F11-E302B472E357}.Release|Any CPU.Build.0 = Release|Any CPU
		{051F1E99-51E4-4954-BD15-730EFA84E684}.Debug|Any CPU.ActiveCfg = Debug|Any CPU
		{051F1E99-51E4-4954-BD15-730EFA84E684}.Debug|Any CPU.Build.0 = Debug|Any CPU
		{051F1E99-51E4-4954-BD15-730EFA84E684}.Release|Any CPU.ActiveCfg = Release|Any CPU
		{051F1E99-51E4-4954-BD15-730EFA84E684}.Release|Any CPU.Build.0 = Release|Any CPU
	EndGlobalSection
	GlobalSection(SolutionProperties) = preSolution
		HideSolutionNode = FALSE
	EndGlobalSection
	GlobalSection(NestedProjects) = preSolution
		{49990984-ABF0-4CD7-B123-CB7C99FDF424} = {1B5843AA-5402-4E11-AC0E-DE21B44C9735}
		{76290017-EB8F-4940-A19C-2F3D80691389} = {1B5843AA-5402-4E11-AC0E-DE21B44C9735}
		{A24C29F6-6350-4F84-A06D-B681B253209E} = {1B5843AA-5402-4E11-AC0E-DE21B44C9735}
		{4FD231F5-F50B-4901-B36C-828C843AE7A3} = {1B5843AA-5402-4E11-AC0E-DE21B44C9735}
		{D49AED50-1864-4B41-8F48-B151AD94006A} = {76290017-EB8F-4940-A19C-2F3D80691389}
		{423DAA9C-9D13-4152-9BDA-530D08CD76E6} = {76290017-EB8F-4940-A19C-2F3D80691389}
		{69311854-E61C-471A-A704-AA339F8FB830} = {A24C29F6-6350-4F84-A06D-B681B253209E}
		{35EE7043-0FF1-490F-8F11-E302B472E357} = {A24C29F6-6350-4F84-A06D-B681B253209E}
		{051F1E99-51E4-4954-BD15-730EFA84E684} = {49990984-ABF0-4CD7-B123-CB7C99FDF424}
	EndGlobalSection
	GlobalSection(ExtensibilityGlobals) = postSolution
		SolutionGuid = {D2A6517E-21F1-4F14-B24E-3E9FE9C513DA}
	EndGlobalSection
EndGlobal
